// !$*UTF8*$!
{
	archiveVersion = 1;
	classes = {
	};
	objectVersion = 50;
	objects = {

/* Begin PBXBuildFile section */
		1929D0E5095DCC541D5B2D97 /* Pods_CollageMaker.framework in Frameworks */ = {isa = PBXBuildFile; fileRef = 6E5F6231635FF3BBC1D62583 /* Pods_CollageMaker.framework */; };
		37DA190E0CF686B7993369FD /* Pods_CollageMakerUITests.framework in Frameworks */ = {isa = PBXBuildFile; fileRef = 55E937FF543D64801E6FE757 /* Pods_CollageMakerUITests.framework */; };
		84023CC421369CDA00FF2CC6 /* RelativeFrame.swift in Sources */ = {isa = PBXBuildFile; fileRef = 84023CC321369CDA00FF2CC6 /* RelativeFrame.swift */; };
		841469672126EEE400C2838A /* UIColor.swift in Sources */ = {isa = PBXBuildFile; fileRef = 841469662126EEE400C2838A /* UIColor.swift */; };
		8417D1B8211DC1C500334661 /* CollageRenderer.swift in Sources */ = {isa = PBXBuildFile; fileRef = 8417D1B7211DC1C500334661 /* CollageRenderer.swift */; };
		8417D1BA211DCABC00334661 /* CollageCellView.swift in Sources */ = {isa = PBXBuildFile; fileRef = 8417D1B9211DCABC00334661 /* CollageCellView.swift */; };
		841A245B213E831C006E994B /* AccessView.swift in Sources */ = {isa = PBXBuildFile; fileRef = 841A245A213E831C006E994B /* AccessView.swift */; };
		841A245D213E8DCC006E994B /* CollageNavigationController.swift in Sources */ = {isa = PBXBuildFile; fileRef = 841A245C213E8DCC006E994B /* CollageNavigationController.swift */; };
		841A245F213E935C006E994B /* UIBarButtonItem.swift in Sources */ = {isa = PBXBuildFile; fileRef = 841A245E213E935C006E994B /* UIBarButtonItem.swift */; };
		841A2461213EE4EC006E994B /* BorderView.swift in Sources */ = {isa = PBXBuildFile; fileRef = 841A2460213EE4EC006E994B /* BorderView.swift */; };
		843A57FA21144760002FE28D /* AppDelegate.swift in Sources */ = {isa = PBXBuildFile; fileRef = 843A57F921144760002FE28D /* AppDelegate.swift */; };
		843A580121144761002FE28D /* Assets.xcassets in Resources */ = {isa = PBXBuildFile; fileRef = 843A580021144761002FE28D /* Assets.xcassets */; };
		843A580421144761002FE28D /* LaunchScreen.storyboard in Resources */ = {isa = PBXBuildFile; fileRef = 843A580221144761002FE28D /* LaunchScreen.storyboard */; };
		843A580F21144761002FE28D /* CollageMakerTests.swift in Sources */ = {isa = PBXBuildFile; fileRef = 843A580E21144761002FE28D /* CollageMakerTests.swift */; };
		843A581A21144761002FE28D /* CollageMakerUITests.swift in Sources */ = {isa = PBXBuildFile; fileRef = 843A581921144761002FE28D /* CollageMakerUITests.swift */; };
		843A5829211447DC002FE28D /* CollageSceneViewController.swift in Sources */ = {isa = PBXBuildFile; fileRef = 843A5828211447DC002FE28D /* CollageSceneViewController.swift */; };
		84868BAE2136E3F500E12152 /* CollageState.swift in Sources */ = {isa = PBXBuildFile; fileRef = 84868BAD2136E3F500E12152 /* CollageState.swift */; };
		84868BBE2137F33900E12152 /* CollageTests.swift in Sources */ = {isa = PBXBuildFile; fileRef = 84868BBD2137F33900E12152 /* CollageTests.swift */; };
		84868BC02138208100E12152 /* FloatingPoint.swift in Sources */ = {isa = PBXBuildFile; fileRef = 84868BBF2138208100E12152 /* FloatingPoint.swift */; };
		84868BC22138323E00E12152 /* CollageToolbar.swift in Sources */ = {isa = PBXBuildFile; fileRef = 84868BC12138323E00E12152 /* CollageToolbar.swift */; };
		84868BC42138358500E12152 /* CollageBarItem.swift in Sources */ = {isa = PBXBuildFile; fileRef = 84868BC32138358500E12152 /* CollageBarItem.swift */; };
		848713222122E938003519F7 /* TemplateBarCollectionViewCell.swift in Sources */ = {isa = PBXBuildFile; fileRef = 848713212122E938003519F7 /* TemplateBarCollectionViewCell.swift */; };
		849B68202121979C0091AD27 /* CollageViewController.swift in Sources */ = {isa = PBXBuildFile; fileRef = 849B681F2121979C0091AD27 /* CollageViewController.swift */; };
		849B68222121CA960091AD27 /* TemplateBarCollectionViewController.swift in Sources */ = {isa = PBXBuildFile; fileRef = 849B68212121CA960091AD27 /* TemplateBarCollectionViewController.swift */; };
		84A91A5921188E5700108C3B /* CollageCell.swift in Sources */ = {isa = PBXBuildFile; fileRef = 84A91A5821188E5700108C3B /* CollageCell.swift */; };
		84B160342114892600FF4713 /* Collage.swift in Sources */ = {isa = PBXBuildFile; fileRef = 84B160332114892600FF4713 /* Collage.swift */; };
		84D389E62125CF5200FCDC67 /* GripView.swift in Sources */ = {isa = PBXBuildFile; fileRef = 84D389E52125CF5200FCDC67 /* GripView.swift */; };
		84E06F1B21397ED7007109BE /* PermissionsViewController.swift in Sources */ = {isa = PBXBuildFile; fileRef = 84E06F1A21397ED7007109BE /* PermissionsViewController.swift */; };
		84E06F1E213991D6007109BE /* SF-Pro-Text-Light.otf in Resources */ = {isa = PBXBuildFile; fileRef = 84E06F1D213991D6007109BE /* SF-Pro-Text-Light.otf */; };
		84E06F20213991F4007109BE /* SF-Pro-Text-Bold.otf in Resources */ = {isa = PBXBuildFile; fileRef = 84E06F1F213991F4007109BE /* SF-Pro-Text-Bold.otf */; };
		84E06F222139920D007109BE /* SF-Pro-Display-Heavy.otf in Resources */ = {isa = PBXBuildFile; fileRef = 84E06F212139920C007109BE /* SF-Pro-Display-Heavy.otf */; };
		84E2720A211DE8B0001CDCB9 /* CollageView.swift in Sources */ = {isa = PBXBuildFile; fileRef = 84E27209211DE8B0001CDCB9 /* CollageView.swift */; };
		EED0F2386CA83A7547A76DEB /* Pods_CollageMakerTests.framework in Frameworks */ = {isa = PBXBuildFile; fileRef = FFBE0B5378D9DAC0C04B69BA /* Pods_CollageMakerTests.framework */; };
		F62618AD2141565800CD94AE /* R.generated.swift in Sources */ = {isa = PBXBuildFile; fileRef = 84C439F121399C4500C701AE /* R.generated.swift */; };
		F62618AF2141570300CD94AE /* PhotoAuthService.swift in Sources */ = {isa = PBXBuildFile; fileRef = F62618AE2141570300CD94AE /* PhotoAuthService.swift */; };
		F62618B1214159AC00CD94AE /* Navigator.swift in Sources */ = {isa = PBXBuildFile; fileRef = F62618B0214159AC00CD94AE /* Navigator.swift */; };
		F62618B321415C6200CD94AE /* GradientButton.swift in Sources */ = {isa = PBXBuildFile; fileRef = F62618B221415C6200CD94AE /* GradientButton.swift */; };
		F62618B521415D9C00CD94AE /* UIKit+Extensions.swift in Sources */ = {isa = PBXBuildFile; fileRef = F62618B421415D9C00CD94AE /* UIKit+Extensions.swift */; };
/* End PBXBuildFile section */

/* Begin PBXContainerItemProxy section */
		843A580B21144761002FE28D /* PBXContainerItemProxy */ = {
			isa = PBXContainerItemProxy;
			containerPortal = 843A57EE21144760002FE28D /* Project object */;
			proxyType = 1;
			remoteGlobalIDString = 843A57F521144760002FE28D;
			remoteInfo = CollageMaker;
		};
		843A581621144761002FE28D /* PBXContainerItemProxy */ = {
			isa = PBXContainerItemProxy;
			containerPortal = 843A57EE21144760002FE28D /* Project object */;
			proxyType = 1;
			remoteGlobalIDString = 843A57F521144760002FE28D;
			remoteInfo = CollageMaker;
		};
/* End PBXContainerItemProxy section */

/* Begin PBXFileReference section */
		0560397CE2EE951F30D1EE6A /* Pods-CollageMakerUITests.debug.xcconfig */ = {isa = PBXFileReference; includeInIndex = 1; lastKnownFileType = text.xcconfig; name = "Pods-CollageMakerUITests.debug.xcconfig"; path = "Pods/Target Support Files/Pods-CollageMakerUITests/Pods-CollageMakerUITests.debug.xcconfig"; sourceTree = "<group>"; };
		363080534D0CDC336C68709A /* Pods-CollageMakerTests.release.xcconfig */ = {isa = PBXFileReference; includeInIndex = 1; lastKnownFileType = text.xcconfig; name = "Pods-CollageMakerTests.release.xcconfig"; path = "Pods/Target Support Files/Pods-CollageMakerTests/Pods-CollageMakerTests.release.xcconfig"; sourceTree = "<group>"; };
		3D5ED321D13AAA86EF463EDA /* Pods-CollageMakerUITests.release.xcconfig */ = {isa = PBXFileReference; includeInIndex = 1; lastKnownFileType = text.xcconfig; name = "Pods-CollageMakerUITests.release.xcconfig"; path = "Pods/Target Support Files/Pods-CollageMakerUITests/Pods-CollageMakerUITests.release.xcconfig"; sourceTree = "<group>"; };
		55E937FF543D64801E6FE757 /* Pods_CollageMakerUITests.framework */ = {isa = PBXFileReference; explicitFileType = wrapper.framework; includeInIndex = 0; path = Pods_CollageMakerUITests.framework; sourceTree = BUILT_PRODUCTS_DIR; };
		6E5F6231635FF3BBC1D62583 /* Pods_CollageMaker.framework */ = {isa = PBXFileReference; explicitFileType = wrapper.framework; includeInIndex = 0; path = Pods_CollageMaker.framework; sourceTree = BUILT_PRODUCTS_DIR; };
		84023CC321369CDA00FF2CC6 /* RelativeFrame.swift */ = {isa = PBXFileReference; lastKnownFileType = sourcecode.swift; path = RelativeFrame.swift; sourceTree = "<group>"; };
		841469662126EEE400C2838A /* UIColor.swift */ = {isa = PBXFileReference; lastKnownFileType = sourcecode.swift; path = UIColor.swift; sourceTree = "<group>"; };
		8417D1B7211DC1C500334661 /* CollageRenderer.swift */ = {isa = PBXFileReference; lastKnownFileType = sourcecode.swift; path = CollageRenderer.swift; sourceTree = "<group>"; };
		8417D1B9211DCABC00334661 /* CollageCellView.swift */ = {isa = PBXFileReference; lastKnownFileType = sourcecode.swift; path = CollageCellView.swift; sourceTree = "<group>"; };
		841A245A213E831C006E994B /* AccessView.swift */ = {isa = PBXFileReference; lastKnownFileType = sourcecode.swift; path = AccessView.swift; sourceTree = "<group>"; };
		841A245C213E8DCC006E994B /* CollageNavigationController.swift */ = {isa = PBXFileReference; lastKnownFileType = sourcecode.swift; path = CollageNavigationController.swift; sourceTree = "<group>"; };
		841A245E213E935C006E994B /* UIBarButtonItem.swift */ = {isa = PBXFileReference; lastKnownFileType = sourcecode.swift; path = UIBarButtonItem.swift; sourceTree = "<group>"; };
		841A2460213EE4EC006E994B /* BorderView.swift */ = {isa = PBXFileReference; lastKnownFileType = sourcecode.swift; path = BorderView.swift; sourceTree = "<group>"; };
		843A57F621144760002FE28D /* CollageMaker.app */ = {isa = PBXFileReference; explicitFileType = wrapper.application; includeInIndex = 0; path = CollageMaker.app; sourceTree = BUILT_PRODUCTS_DIR; };
		843A57F921144760002FE28D /* AppDelegate.swift */ = {isa = PBXFileReference; lastKnownFileType = sourcecode.swift; path = AppDelegate.swift; sourceTree = "<group>"; };
		843A580021144761002FE28D /* Assets.xcassets */ = {isa = PBXFileReference; lastKnownFileType = folder.assetcatalog; path = Assets.xcassets; sourceTree = "<group>"; };
		843A580321144761002FE28D /* Base */ = {isa = PBXFileReference; lastKnownFileType = file.storyboard; name = Base; path = Base.lproj/LaunchScreen.storyboard; sourceTree = "<group>"; };
		843A580521144761002FE28D /* Info.plist */ = {isa = PBXFileReference; lastKnownFileType = text.plist.xml; path = Info.plist; sourceTree = "<group>"; };
		843A580A21144761002FE28D /* CollageMakerTests.xctest */ = {isa = PBXFileReference; explicitFileType = wrapper.cfbundle; includeInIndex = 0; path = CollageMakerTests.xctest; sourceTree = BUILT_PRODUCTS_DIR; };
		843A580E21144761002FE28D /* CollageMakerTests.swift */ = {isa = PBXFileReference; lastKnownFileType = sourcecode.swift; path = CollageMakerTests.swift; sourceTree = "<group>"; };
		843A581021144761002FE28D /* Info.plist */ = {isa = PBXFileReference; lastKnownFileType = text.plist.xml; path = Info.plist; sourceTree = "<group>"; };
		843A581521144761002FE28D /* CollageMakerUITests.xctest */ = {isa = PBXFileReference; explicitFileType = wrapper.cfbundle; includeInIndex = 0; path = CollageMakerUITests.xctest; sourceTree = BUILT_PRODUCTS_DIR; };
		843A581921144761002FE28D /* CollageMakerUITests.swift */ = {isa = PBXFileReference; lastKnownFileType = sourcecode.swift; path = CollageMakerUITests.swift; sourceTree = "<group>"; };
		843A581B21144761002FE28D /* Info.plist */ = {isa = PBXFileReference; lastKnownFileType = text.plist.xml; path = Info.plist; sourceTree = "<group>"; };
		843A5828211447DC002FE28D /* CollageSceneViewController.swift */ = {isa = PBXFileReference; lastKnownFileType = sourcecode.swift; path = CollageSceneViewController.swift; sourceTree = "<group>"; };
		84868BAD2136E3F500E12152 /* CollageState.swift */ = {isa = PBXFileReference; lastKnownFileType = sourcecode.swift; path = CollageState.swift; sourceTree = "<group>"; };
		84868BBD2137F33900E12152 /* CollageTests.swift */ = {isa = PBXFileReference; lastKnownFileType = sourcecode.swift; path = CollageTests.swift; sourceTree = "<group>"; };
		84868BBF2138208100E12152 /* FloatingPoint.swift */ = {isa = PBXFileReference; lastKnownFileType = sourcecode.swift; path = FloatingPoint.swift; sourceTree = "<group>"; };
		84868BC12138323E00E12152 /* CollageToolbar.swift */ = {isa = PBXFileReference; lastKnownFileType = sourcecode.swift; path = CollageToolbar.swift; sourceTree = "<group>"; };
		84868BC32138358500E12152 /* CollageBarItem.swift */ = {isa = PBXFileReference; lastKnownFileType = sourcecode.swift; path = CollageBarItem.swift; sourceTree = "<group>"; };
		848713212122E938003519F7 /* TemplateBarCollectionViewCell.swift */ = {isa = PBXFileReference; lastKnownFileType = sourcecode.swift; path = TemplateBarCollectionViewCell.swift; sourceTree = "<group>"; };
		849B681F2121979C0091AD27 /* CollageViewController.swift */ = {isa = PBXFileReference; lastKnownFileType = sourcecode.swift; path = CollageViewController.swift; sourceTree = "<group>"; };
		849B68212121CA960091AD27 /* TemplateBarCollectionViewController.swift */ = {isa = PBXFileReference; lastKnownFileType = sourcecode.swift; path = TemplateBarCollectionViewController.swift; sourceTree = "<group>"; };
		84A91A5821188E5700108C3B /* CollageCell.swift */ = {isa = PBXFileReference; lastKnownFileType = sourcecode.swift; path = CollageCell.swift; sourceTree = "<group>"; };
		84B160332114892600FF4713 /* Collage.swift */ = {isa = PBXFileReference; lastKnownFileType = sourcecode.swift; path = Collage.swift; sourceTree = "<group>"; };
		84C439F121399C4500C701AE /* R.generated.swift */ = {isa = PBXFileReference; fileEncoding = 4; lastKnownFileType = sourcecode.swift; path = R.generated.swift; sourceTree = SOURCE_ROOT; };
		84D389E52125CF5200FCDC67 /* GripView.swift */ = {isa = PBXFileReference; lastKnownFileType = sourcecode.swift; path = GripView.swift; sourceTree = "<group>"; };
		84E06F1A21397ED7007109BE /* PermissionsViewController.swift */ = {isa = PBXFileReference; lastKnownFileType = sourcecode.swift; path = PermissionsViewController.swift; sourceTree = "<group>"; };
		84E06F1D213991D6007109BE /* SF-Pro-Text-Light.otf */ = {isa = PBXFileReference; lastKnownFileType = file; path = "SF-Pro-Text-Light.otf"; sourceTree = "<group>"; };
		84E06F1F213991F4007109BE /* SF-Pro-Text-Bold.otf */ = {isa = PBXFileReference; lastKnownFileType = file; path = "SF-Pro-Text-Bold.otf"; sourceTree = "<group>"; };
		84E06F212139920C007109BE /* SF-Pro-Display-Heavy.otf */ = {isa = PBXFileReference; lastKnownFileType = file; path = "SF-Pro-Display-Heavy.otf"; sourceTree = "<group>"; };
		84E27209211DE8B0001CDCB9 /* CollageView.swift */ = {isa = PBXFileReference; lastKnownFileType = sourcecode.swift; path = CollageView.swift; sourceTree = "<group>"; };
		939134D3EA6086601A613E2E /* Pods-CollageMaker.debug.xcconfig */ = {isa = PBXFileReference; includeInIndex = 1; lastKnownFileType = text.xcconfig; name = "Pods-CollageMaker.debug.xcconfig"; path = "Pods/Target Support Files/Pods-CollageMaker/Pods-CollageMaker.debug.xcconfig"; sourceTree = "<group>"; };
		9C221B83DC51077FE8EDC16F /* Pods-CollageMaker.release.xcconfig */ = {isa = PBXFileReference; includeInIndex = 1; lastKnownFileType = text.xcconfig; name = "Pods-CollageMaker.release.xcconfig"; path = "Pods/Target Support Files/Pods-CollageMaker/Pods-CollageMaker.release.xcconfig"; sourceTree = "<group>"; };
		E5C2B5278BB477A5EE048C5F /* Pods-CollageMakerTests.debug.xcconfig */ = {isa = PBXFileReference; includeInIndex = 1; lastKnownFileType = text.xcconfig; name = "Pods-CollageMakerTests.debug.xcconfig"; path = "Pods/Target Support Files/Pods-CollageMakerTests/Pods-CollageMakerTests.debug.xcconfig"; sourceTree = "<group>"; };
		F62618AE2141570300CD94AE /* PhotoAuthService.swift */ = {isa = PBXFileReference; lastKnownFileType = sourcecode.swift; path = PhotoAuthService.swift; sourceTree = "<group>"; };
		F62618B0214159AC00CD94AE /* Navigator.swift */ = {isa = PBXFileReference; lastKnownFileType = sourcecode.swift; path = Navigator.swift; sourceTree = "<group>"; };
		F62618B221415C6200CD94AE /* GradientButton.swift */ = {isa = PBXFileReference; lastKnownFileType = sourcecode.swift; path = GradientButton.swift; sourceTree = "<group>"; };
		F62618B421415D9C00CD94AE /* UIKit+Extensions.swift */ = {isa = PBXFileReference; lastKnownFileType = sourcecode.swift; path = "UIKit+Extensions.swift"; sourceTree = "<group>"; };
		FFBE0B5378D9DAC0C04B69BA /* Pods_CollageMakerTests.framework */ = {isa = PBXFileReference; explicitFileType = wrapper.framework; includeInIndex = 0; path = Pods_CollageMakerTests.framework; sourceTree = BUILT_PRODUCTS_DIR; };
/* End PBXFileReference section */

/* Begin PBXFrameworksBuildPhase section */
		843A57F321144760002FE28D /* Frameworks */ = {
			isa = PBXFrameworksBuildPhase;
			buildActionMask = 2147483647;
			files = (
				1929D0E5095DCC541D5B2D97 /* Pods_CollageMaker.framework in Frameworks */,
			);
			runOnlyForDeploymentPostprocessing = 0;
		};
		843A580721144761002FE28D /* Frameworks */ = {
			isa = PBXFrameworksBuildPhase;
			buildActionMask = 2147483647;
			files = (
				EED0F2386CA83A7547A76DEB /* Pods_CollageMakerTests.framework in Frameworks */,
			);
			runOnlyForDeploymentPostprocessing = 0;
		};
		843A581221144761002FE28D /* Frameworks */ = {
			isa = PBXFrameworksBuildPhase;
			buildActionMask = 2147483647;
			files = (
				37DA190E0CF686B7993369FD /* Pods_CollageMakerUITests.framework in Frameworks */,
			);
			runOnlyForDeploymentPostprocessing = 0;
		};
/* End PBXFrameworksBuildPhase section */

/* Begin PBXGroup section */
		2E7F056D7C2B16B2C9D69F35 /* Pods */ = {
			isa = PBXGroup;
			children = (
				939134D3EA6086601A613E2E /* Pods-CollageMaker.debug.xcconfig */,
				9C221B83DC51077FE8EDC16F /* Pods-CollageMaker.release.xcconfig */,
				E5C2B5278BB477A5EE048C5F /* Pods-CollageMakerTests.debug.xcconfig */,
				363080534D0CDC336C68709A /* Pods-CollageMakerTests.release.xcconfig */,
				0560397CE2EE951F30D1EE6A /* Pods-CollageMakerUITests.debug.xcconfig */,
				3D5ED321D13AAA86EF463EDA /* Pods-CollageMakerUITests.release.xcconfig */,
			);
			name = Pods;
			sourceTree = "<group>";
		};
		841469682126F08900C2838A /* Extensions */ = {
			isa = PBXGroup;
			children = (
				841A245E213E935C006E994B /* UIBarButtonItem.swift */,
				841469662126EEE400C2838A /* UIColor.swift */,
				84023CC321369CDA00FF2CC6 /* RelativeFrame.swift */,
				84868BBF2138208100E12152 /* FloatingPoint.swift */,
				F62618B421415D9C00CD94AE /* UIKit+Extensions.swift */,
			);
			path = Extensions;
			sourceTree = "<group>";
		};
		8417D1B6211DC03C00334661 /* Common */ = {
			isa = PBXGroup;
			children = (
				84C439F121399C4500C701AE /* R.generated.swift */,
				84868BC12138323E00E12152 /* CollageToolbar.swift */,
				84868BC32138358500E12152 /* CollageBarItem.swift */,
			);
			path = Common;
			sourceTree = "<group>";
		};
		843A57ED21144760002FE28D = {
			isa = PBXGroup;
			children = (
				843A57F821144760002FE28D /* CollageMaker */,
				843A580D21144761002FE28D /* CollageMakerTests */,
				843A581821144761002FE28D /* CollageMakerUITests */,
				843A57F721144760002FE28D /* Products */,
				2E7F056D7C2B16B2C9D69F35 /* Pods */,
				C9146EDE3DD69860E78ABB00 /* Frameworks */,
			);
			sourceTree = "<group>";
		};
		843A57F721144760002FE28D /* Products */ = {
			isa = PBXGroup;
			children = (
				843A57F621144760002FE28D /* CollageMaker.app */,
				843A580A21144761002FE28D /* CollageMakerTests.xctest */,
				843A581521144761002FE28D /* CollageMakerUITests.xctest */,
			);
			name = Products;
			sourceTree = "<group>";
		};
		843A57F821144760002FE28D /* CollageMaker */ = {
			isa = PBXGroup;
			children = (
				843A57F921144760002FE28D /* AppDelegate.swift */,
				843A582A211447F8002FE28D /* ViewControllers */,
				84E2720B211DE8D7001CDCB9 /* Views */,
				84B160392114A4AD00FF4713 /* Model */,
				8475DD93211DE5B100044225 /* Services */,
				841469682126F08900C2838A /* Extensions */,
				8417D1B6211DC03C00334661 /* Common */,
				84E06F1C21399195007109BE /* Fonts */,
				843A58272114477E002FE28D /* SupportingFiles */,
			);
			path = CollageMaker;
			sourceTree = "<group>";
		};
		843A580D21144761002FE28D /* CollageMakerTests */ = {
			isa = PBXGroup;
			children = (
				84868BBD2137F33900E12152 /* CollageTests.swift */,
				843A580E21144761002FE28D /* CollageMakerTests.swift */,
				843A581021144761002FE28D /* Info.plist */,
			);
			path = CollageMakerTests;
			sourceTree = "<group>";
		};
		843A581821144761002FE28D /* CollageMakerUITests */ = {
			isa = PBXGroup;
			children = (
				843A581921144761002FE28D /* CollageMakerUITests.swift */,
				843A581B21144761002FE28D /* Info.plist */,
			);
			path = CollageMakerUITests;
			sourceTree = "<group>";
		};
		843A58272114477E002FE28D /* SupportingFiles */ = {
			isa = PBXGroup;
			children = (
				843A580021144761002FE28D /* Assets.xcassets */,
				843A580221144761002FE28D /* LaunchScreen.storyboard */,
				843A580521144761002FE28D /* Info.plist */,
			);
			path = SupportingFiles;
			sourceTree = "<group>";
		};
		843A582A211447F8002FE28D /* ViewControllers */ = {
			isa = PBXGroup;
			children = (
				841A245C213E8DCC006E994B /* CollageNavigationController.swift */,
				84E06F1A21397ED7007109BE /* PermissionsViewController.swift */,
				843A5828211447DC002FE28D /* CollageSceneViewController.swift */,
				849B681F2121979C0091AD27 /* CollageViewController.swift */,
				848713232122E948003519F7 /* TemplateBarCollectionViewController */,
			);
			path = ViewControllers;
			sourceTree = "<group>";
		};
		8475DD93211DE5B100044225 /* Services */ = {
			isa = PBXGroup;
			children = (
				8417D1B7211DC1C500334661 /* CollageRenderer.swift */,
				F62618AE2141570300CD94AE /* PhotoAuthService.swift */,
				F62618B0214159AC00CD94AE /* Navigator.swift */,
			);
			path = Services;
			sourceTree = "<group>";
		};
		848713232122E948003519F7 /* TemplateBarCollectionViewController */ = {
			isa = PBXGroup;
			children = (
				849B68212121CA960091AD27 /* TemplateBarCollectionViewController.swift */,
				848713212122E938003519F7 /* TemplateBarCollectionViewCell.swift */,
			);
			path = TemplateBarCollectionViewController;
			sourceTree = "<group>";
		};
		84B160392114A4AD00FF4713 /* Model */ = {
			isa = PBXGroup;
			children = (
				84B160332114892600FF4713 /* Collage.swift */,
				84868BAD2136E3F500E12152 /* CollageState.swift */,
				84A91A5821188E5700108C3B /* CollageCell.swift */,
			);
			path = Model;
			sourceTree = "<group>";
		};
		84E06F1C21399195007109BE /* Fonts */ = {
			isa = PBXGroup;
			children = (
				84E06F1D213991D6007109BE /* SF-Pro-Text-Light.otf */,
				84E06F212139920C007109BE /* SF-Pro-Display-Heavy.otf */,
				84E06F1F213991F4007109BE /* SF-Pro-Text-Bold.otf */,
			);
			path = Fonts;
			sourceTree = "<group>";
		};
		84E2720B211DE8D7001CDCB9 /* Views */ = {
			isa = PBXGroup;
			children = (
				841A245A213E831C006E994B /* AccessView.swift */,
				8417D1B9211DCABC00334661 /* CollageCellView.swift */,
				84E27209211DE8B0001CDCB9 /* CollageView.swift */,
				84D389E52125CF5200FCDC67 /* GripView.swift */,
				841A2460213EE4EC006E994B /* BorderView.swift */,
				F62618B221415C6200CD94AE /* GradientButton.swift */,
			);
			path = Views;
			sourceTree = "<group>";
		};
		C9146EDE3DD69860E78ABB00 /* Frameworks */ = {
			isa = PBXGroup;
			children = (
				6E5F6231635FF3BBC1D62583 /* Pods_CollageMaker.framework */,
				FFBE0B5378D9DAC0C04B69BA /* Pods_CollageMakerTests.framework */,
				55E937FF543D64801E6FE757 /* Pods_CollageMakerUITests.framework */,
			);
			name = Frameworks;
			sourceTree = "<group>";
		};
/* End PBXGroup section */

/* Begin PBXNativeTarget section */
		843A57F521144760002FE28D /* CollageMaker */ = {
			isa = PBXNativeTarget;
			buildConfigurationList = 843A581E21144761002FE28D /* Build configuration list for PBXNativeTarget "CollageMaker" */;
			buildPhases = (
				A68283706116FA98A80A9A4F /* [CP] Check Pods Manifest.lock */,
				84C439F02139986000C701AE /* R.Swift */,
				843A57F221144760002FE28D /* Sources */,
				843A57F321144760002FE28D /* Frameworks */,
				843A57F421144760002FE28D /* Resources */,
				6602DC41F30F47EAAE44231C /* [CP] Embed Pods Frameworks */,
			);
			buildRules = (
			);
			dependencies = (
			);
			name = CollageMaker;
			productName = CollageMaker;
			productReference = 843A57F621144760002FE28D /* CollageMaker.app */;
			productType = "com.apple.product-type.application";
		};
		843A580921144761002FE28D /* CollageMakerTests */ = {
			isa = PBXNativeTarget;
			buildConfigurationList = 843A582121144761002FE28D /* Build configuration list for PBXNativeTarget "CollageMakerTests" */;
			buildPhases = (
				3297356791BE245DFAD9F097 /* [CP] Check Pods Manifest.lock */,
				843A580621144761002FE28D /* Sources */,
				843A580721144761002FE28D /* Frameworks */,
				843A580821144761002FE28D /* Resources */,
			);
			buildRules = (
			);
			dependencies = (
				843A580C21144761002FE28D /* PBXTargetDependency */,
			);
			name = CollageMakerTests;
			productName = CollageMakerTests;
			productReference = 843A580A21144761002FE28D /* CollageMakerTests.xctest */;
			productType = "com.apple.product-type.bundle.unit-test";
		};
		843A581421144761002FE28D /* CollageMakerUITests */ = {
			isa = PBXNativeTarget;
			buildConfigurationList = 843A582421144761002FE28D /* Build configuration list for PBXNativeTarget "CollageMakerUITests" */;
			buildPhases = (
				894662B59BC79C19B1B7C157 /* [CP] Check Pods Manifest.lock */,
				843A581121144761002FE28D /* Sources */,
				843A581221144761002FE28D /* Frameworks */,
				843A581321144761002FE28D /* Resources */,
			);
			buildRules = (
			);
			dependencies = (
				843A581721144761002FE28D /* PBXTargetDependency */,
			);
			name = CollageMakerUITests;
			productName = CollageMakerUITests;
			productReference = 843A581521144761002FE28D /* CollageMakerUITests.xctest */;
			productType = "com.apple.product-type.bundle.ui-testing";
		};
/* End PBXNativeTarget section */

/* Begin PBXProject section */
		843A57EE21144760002FE28D /* Project object */ = {
			isa = PBXProject;
			attributes = {
				LastSwiftUpdateCheck = 0940;
				LastUpgradeCheck = 0940;
				ORGANIZATIONNAME = Admin;
				TargetAttributes = {
					843A57F521144760002FE28D = {
						CreatedOnToolsVersion = 9.4.1;
					};
					843A580921144761002FE28D = {
						CreatedOnToolsVersion = 9.4.1;
						TestTargetID = 843A57F521144760002FE28D;
					};
					843A581421144761002FE28D = {
						CreatedOnToolsVersion = 9.4.1;
						TestTargetID = 843A57F521144760002FE28D;
					};
				};
			};
			buildConfigurationList = 843A57F121144760002FE28D /* Build configuration list for PBXProject "CollageMaker" */;
			compatibilityVersion = "Xcode 9.3";
			developmentRegion = en;
			hasScannedForEncodings = 0;
			knownRegions = (
				en,
				Base,
			);
			mainGroup = 843A57ED21144760002FE28D;
			productRefGroup = 843A57F721144760002FE28D /* Products */;
			projectDirPath = "";
			projectRoot = "";
			targets = (
				843A57F521144760002FE28D /* CollageMaker */,
				843A580921144761002FE28D /* CollageMakerTests */,
				843A581421144761002FE28D /* CollageMakerUITests */,
			);
		};
/* End PBXProject section */

/* Begin PBXResourcesBuildPhase section */
		843A57F421144760002FE28D /* Resources */ = {
			isa = PBXResourcesBuildPhase;
			buildActionMask = 2147483647;
			files = (
				84E06F20213991F4007109BE /* SF-Pro-Text-Bold.otf in Resources */,
				84E06F222139920D007109BE /* SF-Pro-Display-Heavy.otf in Resources */,
				84E06F1E213991D6007109BE /* SF-Pro-Text-Light.otf in Resources */,
				843A580421144761002FE28D /* LaunchScreen.storyboard in Resources */,
				843A580121144761002FE28D /* Assets.xcassets in Resources */,
			);
			runOnlyForDeploymentPostprocessing = 0;
		};
		843A580821144761002FE28D /* Resources */ = {
			isa = PBXResourcesBuildPhase;
			buildActionMask = 2147483647;
			files = (
			);
			runOnlyForDeploymentPostprocessing = 0;
		};
		843A581321144761002FE28D /* Resources */ = {
			isa = PBXResourcesBuildPhase;
			buildActionMask = 2147483647;
			files = (
			);
			runOnlyForDeploymentPostprocessing = 0;
		};
/* End PBXResourcesBuildPhase section */

/* Begin PBXShellScriptBuildPhase section */
		3297356791BE245DFAD9F097 /* [CP] Check Pods Manifest.lock */ = {
			isa = PBXShellScriptBuildPhase;
			buildActionMask = 2147483647;
			files = (
			);
			inputPaths = (
				"${PODS_PODFILE_DIR_PATH}/Podfile.lock",
				"${PODS_ROOT}/Manifest.lock",
			);
			name = "[CP] Check Pods Manifest.lock";
			outputPaths = (
				"$(DERIVED_FILE_DIR)/Pods-CollageMakerTests-checkManifestLockResult.txt",
			);
			runOnlyForDeploymentPostprocessing = 0;
			shellPath = /bin/sh;
			shellScript = "diff \"${PODS_PODFILE_DIR_PATH}/Podfile.lock\" \"${PODS_ROOT}/Manifest.lock\" > /dev/null\nif [ $? != 0 ] ; then\n    # print error to STDERR\n    echo \"error: The sandbox is not in sync with the Podfile.lock. Run 'pod install' or update your CocoaPods installation.\" >&2\n    exit 1\nfi\n# This output is used by Xcode 'outputs' to avoid re-running this script phase.\necho \"SUCCESS\" > \"${SCRIPT_OUTPUT_FILE_0}\"\n";
			showEnvVarsInLog = 0;
		};
		6602DC41F30F47EAAE44231C /* [CP] Embed Pods Frameworks */ = {
			isa = PBXShellScriptBuildPhase;
			buildActionMask = 2147483647;
			files = (
			);
			inputPaths = (
				"${SRCROOT}/Pods/Target Support Files/Pods-CollageMaker/Pods-CollageMaker-frameworks.sh",
				"${BUILT_PRODUCTS_DIR}/R.swift.Library/Rswift.framework",
				"${BUILT_PRODUCTS_DIR}/SnapKit/SnapKit.framework",
			);
			name = "[CP] Embed Pods Frameworks";
			outputPaths = (
				"${TARGET_BUILD_DIR}/${FRAMEWORKS_FOLDER_PATH}/Rswift.framework",
				"${TARGET_BUILD_DIR}/${FRAMEWORKS_FOLDER_PATH}/SnapKit.framework",
			);
			runOnlyForDeploymentPostprocessing = 0;
			shellPath = /bin/sh;
			shellScript = "\"${SRCROOT}/Pods/Target Support Files/Pods-CollageMaker/Pods-CollageMaker-frameworks.sh\"\n";
			showEnvVarsInLog = 0;
		};
		84C439F02139986000C701AE /* R.Swift */ = {
			isa = PBXShellScriptBuildPhase;
			buildActionMask = 2147483647;
			files = (
			);
			inputPaths = (
			);
			name = R.Swift;
			outputPaths = (
			);
			runOnlyForDeploymentPostprocessing = 0;
			shellPath = /bin/sh;
			shellScript = "\"$PODS_ROOT/R.swift/rswift\" generate \"$SRCROOT\"\n";
		};
		894662B59BC79C19B1B7C157 /* [CP] Check Pods Manifest.lock */ = {
			isa = PBXShellScriptBuildPhase;
			buildActionMask = 2147483647;
			files = (
			);
			inputPaths = (
				"${PODS_PODFILE_DIR_PATH}/Podfile.lock",
				"${PODS_ROOT}/Manifest.lock",
			);
			name = "[CP] Check Pods Manifest.lock";
			outputPaths = (
				"$(DERIVED_FILE_DIR)/Pods-CollageMakerUITests-checkManifestLockResult.txt",
			);
			runOnlyForDeploymentPostprocessing = 0;
			shellPath = /bin/sh;
			shellScript = "diff \"${PODS_PODFILE_DIR_PATH}/Podfile.lock\" \"${PODS_ROOT}/Manifest.lock\" > /dev/null\nif [ $? != 0 ] ; then\n    # print error to STDERR\n    echo \"error: The sandbox is not in sync with the Podfile.lock. Run 'pod install' or update your CocoaPods installation.\" >&2\n    exit 1\nfi\n# This output is used by Xcode 'outputs' to avoid re-running this script phase.\necho \"SUCCESS\" > \"${SCRIPT_OUTPUT_FILE_0}\"\n";
			showEnvVarsInLog = 0;
		};
		A68283706116FA98A80A9A4F /* [CP] Check Pods Manifest.lock */ = {
			isa = PBXShellScriptBuildPhase;
			buildActionMask = 2147483647;
			files = (
			);
			inputPaths = (
				"${PODS_PODFILE_DIR_PATH}/Podfile.lock",
				"${PODS_ROOT}/Manifest.lock",
			);
			name = "[CP] Check Pods Manifest.lock";
			outputPaths = (
				"$(DERIVED_FILE_DIR)/Pods-CollageMaker-checkManifestLockResult.txt",
			);
			runOnlyForDeploymentPostprocessing = 0;
			shellPath = /bin/sh;
			shellScript = "diff \"${PODS_PODFILE_DIR_PATH}/Podfile.lock\" \"${PODS_ROOT}/Manifest.lock\" > /dev/null\nif [ $? != 0 ] ; then\n    # print error to STDERR\n    echo \"error: The sandbox is not in sync with the Podfile.lock. Run 'pod install' or update your CocoaPods installation.\" >&2\n    exit 1\nfi\n# This output is used by Xcode 'outputs' to avoid re-running this script phase.\necho \"SUCCESS\" > \"${SCRIPT_OUTPUT_FILE_0}\"\n";
			showEnvVarsInLog = 0;
		};
/* End PBXShellScriptBuildPhase section */

/* Begin PBXSourcesBuildPhase section */
		843A57F221144760002FE28D /* Sources */ = {
			isa = PBXSourcesBuildPhase;
			buildActionMask = 2147483647;
			files = (
				F62618AD2141565800CD94AE /* R.generated.swift in Sources */,
				841A245F213E935C006E994B /* UIBarButtonItem.swift in Sources */,
				84868BAE2136E3F500E12152 /* CollageState.swift in Sources */,
				841A2461213EE4EC006E994B /* BorderView.swift in Sources */,
				848713222122E938003519F7 /* TemplateBarCollectionViewCell.swift in Sources */,
				8417D1BA211DCABC00334661 /* CollageCellView.swift in Sources */,
				F62618B1214159AC00CD94AE /* Navigator.swift in Sources */,
				843A5829211447DC002FE28D /* CollageSceneViewController.swift in Sources */,
				849B68222121CA960091AD27 /* TemplateBarCollectionViewController.swift in Sources */,
				841A245D213E8DCC006E994B /* CollageNavigationController.swift in Sources */,
				84E06F1B21397ED7007109BE /* PermissionsViewController.swift in Sources */,
				849B68202121979C0091AD27 /* CollageViewController.swift in Sources */,
				843A57FA21144760002FE28D /* AppDelegate.swift in Sources */,
				84A91A5921188E5700108C3B /* CollageCell.swift in Sources */,
				F62618B521415D9C00CD94AE /* UIKit+Extensions.swift in Sources */,
				8417D1B8211DC1C500334661 /* CollageRenderer.swift in Sources */,
				84868BC42138358500E12152 /* CollageBarItem.swift in Sources */,
				841469672126EEE400C2838A /* UIColor.swift in Sources */,
				841A245B213E831C006E994B /* AccessView.swift in Sources */,
				84868BC22138323E00E12152 /* CollageToolbar.swift in Sources */,
				84023CC421369CDA00FF2CC6 /* RelativeFrame.swift in Sources */,
				84868BC02138208100E12152 /* FloatingPoint.swift in Sources */,
				84E2720A211DE8B0001CDCB9 /* CollageView.swift in Sources */,
				84D389E62125CF5200FCDC67 /* GripView.swift in Sources */,
				F62618B321415C6200CD94AE /* GradientButton.swift in Sources */,
				F62618AF2141570300CD94AE /* PhotoAuthService.swift in Sources */,
				84B160342114892600FF4713 /* Collage.swift in Sources */,
			);
			runOnlyForDeploymentPostprocessing = 0;
		};
		843A580621144761002FE28D /* Sources */ = {
			isa = PBXSourcesBuildPhase;
			buildActionMask = 2147483647;
			files = (
				843A580F21144761002FE28D /* CollageMakerTests.swift in Sources */,
				84868BBE2137F33900E12152 /* CollageTests.swift in Sources */,
			);
			runOnlyForDeploymentPostprocessing = 0;
		};
		843A581121144761002FE28D /* Sources */ = {
			isa = PBXSourcesBuildPhase;
			buildActionMask = 2147483647;
			files = (
				843A581A21144761002FE28D /* CollageMakerUITests.swift in Sources */,
			);
			runOnlyForDeploymentPostprocessing = 0;
		};
/* End PBXSourcesBuildPhase section */

/* Begin PBXTargetDependency section */
		843A580C21144761002FE28D /* PBXTargetDependency */ = {
			isa = PBXTargetDependency;
			target = 843A57F521144760002FE28D /* CollageMaker */;
			targetProxy = 843A580B21144761002FE28D /* PBXContainerItemProxy */;
		};
		843A581721144761002FE28D /* PBXTargetDependency */ = {
			isa = PBXTargetDependency;
			target = 843A57F521144760002FE28D /* CollageMaker */;
			targetProxy = 843A581621144761002FE28D /* PBXContainerItemProxy */;
		};
/* End PBXTargetDependency section */

/* Begin PBXVariantGroup section */
		843A580221144761002FE28D /* LaunchScreen.storyboard */ = {
			isa = PBXVariantGroup;
			children = (
				843A580321144761002FE28D /* Base */,
			);
			name = LaunchScreen.storyboard;
			sourceTree = "<group>";
		};
/* End PBXVariantGroup section */

/* Begin XCBuildConfiguration section */
		843A581C21144761002FE28D /* Debug */ = {
			isa = XCBuildConfiguration;
			buildSettings = {
				ALWAYS_SEARCH_USER_PATHS = NO;
				CLANG_ANALYZER_NONNULL = YES;
				CLANG_ANALYZER_NUMBER_OBJECT_CONVERSION = YES_AGGRESSIVE;
				CLANG_CXX_LANGUAGE_STANDARD = "gnu++14";
				CLANG_CXX_LIBRARY = "libc++";
				CLANG_ENABLE_MODULES = YES;
				CLANG_ENABLE_OBJC_ARC = YES;
				CLANG_ENABLE_OBJC_WEAK = YES;
				CLANG_WARN_BLOCK_CAPTURE_AUTORELEASING = YES;
				CLANG_WARN_BOOL_CONVERSION = YES;
				CLANG_WARN_COMMA = YES;
				CLANG_WARN_CONSTANT_CONVERSION = YES;
				CLANG_WARN_DEPRECATED_OBJC_IMPLEMENTATIONS = YES;
				CLANG_WARN_DIRECT_OBJC_ISA_USAGE = YES_ERROR;
				CLANG_WARN_DOCUMENTATION_COMMENTS = YES;
				CLANG_WARN_EMPTY_BODY = YES;
				CLANG_WARN_ENUM_CONVERSION = YES;
				CLANG_WARN_INFINITE_RECURSION = YES;
				CLANG_WARN_INT_CONVERSION = YES;
				CLANG_WARN_NON_LITERAL_NULL_CONVERSION = YES;
				CLANG_WARN_OBJC_IMPLICIT_RETAIN_SELF = YES;
				CLANG_WARN_OBJC_LITERAL_CONVERSION = YES;
				CLANG_WARN_OBJC_ROOT_CLASS = YES_ERROR;
				CLANG_WARN_RANGE_LOOP_ANALYSIS = YES;
				CLANG_WARN_STRICT_PROTOTYPES = YES;
				CLANG_WARN_SUSPICIOUS_MOVE = YES;
				CLANG_WARN_UNGUARDED_AVAILABILITY = YES_AGGRESSIVE;
				CLANG_WARN_UNREACHABLE_CODE = YES;
				CLANG_WARN__DUPLICATE_METHOD_MATCH = YES;
				CODE_SIGN_IDENTITY = "iPhone Developer";
				COPY_PHASE_STRIP = NO;
				DEBUG_INFORMATION_FORMAT = dwarf;
				ENABLE_STRICT_OBJC_MSGSEND = YES;
				ENABLE_TESTABILITY = YES;
				GCC_C_LANGUAGE_STANDARD = gnu11;
				GCC_DYNAMIC_NO_PIC = NO;
				GCC_NO_COMMON_BLOCKS = YES;
				GCC_OPTIMIZATION_LEVEL = 0;
				GCC_PREPROCESSOR_DEFINITIONS = (
					"DEBUG=1",
					"$(inherited)",
				);
				GCC_WARN_64_TO_32_BIT_CONVERSION = YES;
				GCC_WARN_ABOUT_RETURN_TYPE = YES_ERROR;
				GCC_WARN_UNDECLARED_SELECTOR = YES;
				GCC_WARN_UNINITIALIZED_AUTOS = YES_AGGRESSIVE;
				GCC_WARN_UNUSED_FUNCTION = YES;
				GCC_WARN_UNUSED_VARIABLE = YES;
				IPHONEOS_DEPLOYMENT_TARGET = 11.4;
				MTL_ENABLE_DEBUG_INFO = YES;
				ONLY_ACTIVE_ARCH = YES;
				SDKROOT = iphoneos;
				SWIFT_ACTIVE_COMPILATION_CONDITIONS = DEBUG;
				SWIFT_OPTIMIZATION_LEVEL = "-Onone";
			};
			name = Debug;
		};
		843A581D21144761002FE28D /* Release */ = {
			isa = XCBuildConfiguration;
			buildSettings = {
				ALWAYS_SEARCH_USER_PATHS = NO;
				CLANG_ANALYZER_NONNULL = YES;
				CLANG_ANALYZER_NUMBER_OBJECT_CONVERSION = YES_AGGRESSIVE;
				CLANG_CXX_LANGUAGE_STANDARD = "gnu++14";
				CLANG_CXX_LIBRARY = "libc++";
				CLANG_ENABLE_MODULES = YES;
				CLANG_ENABLE_OBJC_ARC = YES;
				CLANG_ENABLE_OBJC_WEAK = YES;
				CLANG_WARN_BLOCK_CAPTURE_AUTORELEASING = YES;
				CLANG_WARN_BOOL_CONVERSION = YES;
				CLANG_WARN_COMMA = YES;
				CLANG_WARN_CONSTANT_CONVERSION = YES;
				CLANG_WARN_DEPRECATED_OBJC_IMPLEMENTATIONS = YES;
				CLANG_WARN_DIRECT_OBJC_ISA_USAGE = YES_ERROR;
				CLANG_WARN_DOCUMENTATION_COMMENTS = YES;
				CLANG_WARN_EMPTY_BODY = YES;
				CLANG_WARN_ENUM_CONVERSION = YES;
				CLANG_WARN_INFINITE_RECURSION = YES;
				CLANG_WARN_INT_CONVERSION = YES;
				CLANG_WARN_NON_LITERAL_NULL_CONVERSION = YES;
				CLANG_WARN_OBJC_IMPLICIT_RETAIN_SELF = YES;
				CLANG_WARN_OBJC_LITERAL_CONVERSION = YES;
				CLANG_WARN_OBJC_ROOT_CLASS = YES_ERROR;
				CLANG_WARN_RANGE_LOOP_ANALYSIS = YES;
				CLANG_WARN_STRICT_PROTOTYPES = YES;
				CLANG_WARN_SUSPICIOUS_MOVE = YES;
				CLANG_WARN_UNGUARDED_AVAILABILITY = YES_AGGRESSIVE;
				CLANG_WARN_UNREACHABLE_CODE = YES;
				CLANG_WARN__DUPLICATE_METHOD_MATCH = YES;
				CODE_SIGN_IDENTITY = "iPhone Developer";
				COPY_PHASE_STRIP = NO;
				DEBUG_INFORMATION_FORMAT = "dwarf-with-dsym";
				ENABLE_NS_ASSERTIONS = NO;
				ENABLE_STRICT_OBJC_MSGSEND = YES;
				GCC_C_LANGUAGE_STANDARD = gnu11;
				GCC_NO_COMMON_BLOCKS = YES;
				GCC_WARN_64_TO_32_BIT_CONVERSION = YES;
				GCC_WARN_ABOUT_RETURN_TYPE = YES_ERROR;
				GCC_WARN_UNDECLARED_SELECTOR = YES;
				GCC_WARN_UNINITIALIZED_AUTOS = YES_AGGRESSIVE;
				GCC_WARN_UNUSED_FUNCTION = YES;
				GCC_WARN_UNUSED_VARIABLE = YES;
				IPHONEOS_DEPLOYMENT_TARGET = 11.4;
				MTL_ENABLE_DEBUG_INFO = NO;
				SDKROOT = iphoneos;
				SWIFT_COMPILATION_MODE = wholemodule;
				SWIFT_OPTIMIZATION_LEVEL = "-O";
				VALIDATE_PRODUCT = YES;
			};
			name = Release;
		};
		843A581F21144761002FE28D /* Debug */ = {
			isa = XCBuildConfiguration;
			baseConfigurationReference = 939134D3EA6086601A613E2E /* Pods-CollageMaker.debug.xcconfig */;
			buildSettings = {
				ASSETCATALOG_COMPILER_APPICON_NAME = AppIcon;
				CODE_SIGN_IDENTITY = "iPhone Developer";
				CODE_SIGN_STYLE = Automatic;
				DEVELOPMENT_TEAM = P99EM85EA2;
				INFOPLIST_FILE = "$(SRCROOT)/CollageMaker/SupportingFiles/Info.plist";
				IPHONEOS_DEPLOYMENT_TARGET = 11.0;
				LD_RUNPATH_SEARCH_PATHS = (
					"$(inherited)",
					"@executable_path/Frameworks",
				);
				PRODUCT_BUNDLE_IDENTIFIER = com.dimasno1.CollageMaker;
				PRODUCT_NAME = "$(TARGET_NAME)";
				PROVISIONING_PROFILE_SPECIFIER = "";
				SWIFT_VERSION = 4.0;
				TARGETED_DEVICE_FAMILY = "1,2";
			};
			name = Debug;
		};
		843A582021144761002FE28D /* Release */ = {
			isa = XCBuildConfiguration;
			baseConfigurationReference = 9C221B83DC51077FE8EDC16F /* Pods-CollageMaker.release.xcconfig */;
			buildSettings = {
				ASSETCATALOG_COMPILER_APPICON_NAME = AppIcon;
				CODE_SIGN_IDENTITY = "iPhone Developer";
				CODE_SIGN_STYLE = Automatic;
				DEVELOPMENT_TEAM = P99EM85EA2;
				INFOPLIST_FILE = "$(SRCROOT)/CollageMaker/SupportingFiles/Info.plist";
				IPHONEOS_DEPLOYMENT_TARGET = 11.0;
				LD_RUNPATH_SEARCH_PATHS = (
					"$(inherited)",
					"@executable_path/Frameworks",
				);
				PRODUCT_BUNDLE_IDENTIFIER = com.dimasno1.CollageMaker;
				PRODUCT_NAME = "$(TARGET_NAME)";
				PROVISIONING_PROFILE_SPECIFIER = "";
				SWIFT_VERSION = 4.0;
				TARGETED_DEVICE_FAMILY = "1,2";
			};
			name = Release;
		};
		843A582221144761002FE28D /* Debug */ = {
			isa = XCBuildConfiguration;
			baseConfigurationReference = E5C2B5278BB477A5EE048C5F /* Pods-CollageMakerTests.debug.xcconfig */;
			buildSettings = {
				ALWAYS_EMBED_SWIFT_STANDARD_LIBRARIES = YES;
				BUNDLE_LOADER = "$(TEST_HOST)";
				CODE_SIGN_STYLE = Automatic;
				DEVELOPMENT_TEAM = P99EM85EA2;
				INFOPLIST_FILE = CollageMakerTests/Info.plist;
				LD_RUNPATH_SEARCH_PATHS = (
					"$(inherited)",
					"@executable_path/Frameworks",
					"@loader_path/Frameworks",
				);
				PRODUCT_BUNDLE_IDENTIFIER = com.dimasno1.CollageMakerTests;
				PRODUCT_NAME = "$(TARGET_NAME)";
				SWIFT_VERSION = 4.0;
				TARGETED_DEVICE_FAMILY = "1,2";
				TEST_HOST = "$(BUILT_PRODUCTS_DIR)/CollageMaker.app/CollageMaker";
			};
			name = Debug;
		};
		843A582321144761002FE28D /* Release */ = {
			isa = XCBuildConfiguration;
			baseConfigurationReference = 363080534D0CDC336C68709A /* Pods-CollageMakerTests.release.xcconfig */;
			buildSettings = {
				ALWAYS_EMBED_SWIFT_STANDARD_LIBRARIES = YES;
				BUNDLE_LOADER = "$(TEST_HOST)";
				CODE_SIGN_STYLE = Automatic;
				DEVELOPMENT_TEAM = P99EM85EA2;
				INFOPLIST_FILE = CollageMakerTests/Info.plist;
				LD_RUNPATH_SEARCH_PATHS = (
					"$(inherited)",
					"@executable_path/Frameworks",
					"@loader_path/Frameworks",
				);
				PRODUCT_BUNDLE_IDENTIFIER = com.dimasno1.CollageMakerTests;
				PRODUCT_NAME = "$(TARGET_NAME)";
				SWIFT_VERSION = 4.0;
				TARGETED_DEVICE_FAMILY = "1,2";
				TEST_HOST = "$(BUILT_PRODUCTS_DIR)/CollageMaker.app/CollageMaker";
			};
			name = Release;
		};
		843A582521144761002FE28D /* Debug */ = {
			isa = XCBuildConfiguration;
			baseConfigurationReference = 0560397CE2EE951F30D1EE6A /* Pods-CollageMakerUITests.debug.xcconfig */;
			buildSettings = {
				ALWAYS_EMBED_SWIFT_STANDARD_LIBRARIES = YES;
				CODE_SIGN_STYLE = Automatic;
				DEVELOPMENT_TEAM = P99EM85EA2;
				INFOPLIST_FILE = CollageMakerUITests/Info.plist;
				LD_RUNPATH_SEARCH_PATHS = (
					"$(inherited)",
					"@executable_path/Frameworks",
					"@loader_path/Frameworks",
				);
				PRODUCT_BUNDLE_IDENTIFIER = com.dimasno1.CollageMakerUITests;
				PRODUCT_NAME = "$(TARGET_NAME)";
				SWIFT_VERSION = 4.0;
				TARGETED_DEVICE_FAMILY = "1,2";
				TEST_TARGET_NAME = CollageMaker;
			};
			name = Debug;
		};
		843A582621144761002FE28D /* Release */ = {
			isa = XCBuildConfiguration;
			baseConfigurationReference = 3D5ED321D13AAA86EF463EDA /* Pods-CollageMakerUITests.release.xcconfig */;
			buildSettings = {
				ALWAYS_EMBED_SWIFT_STANDARD_LIBRARIES = YES;
				CODE_SIGN_STYLE = Automatic;
				DEVELOPMENT_TEAM = P99EM85EA2;
				INFOPLIST_FILE = CollageMakerUITests/Info.plist;
				LD_RUNPATH_SEARCH_PATHS = (
					"$(inherited)",
					"@executable_path/Frameworks",
					"@loader_path/Frameworks",
				);
				PRODUCT_BUNDLE_IDENTIFIER = com.dimasno1.CollageMakerUITests;
				PRODUCT_NAME = "$(TARGET_NAME)";
				SWIFT_VERSION = 4.0;
				TARGETED_DEVICE_FAMILY = "1,2";
				TEST_TARGET_NAME = CollageMaker;
			};
			name = Release;
		};
/* End XCBuildConfiguration section */

/* Begin XCConfigurationList section */
		843A57F121144760002FE28D /* Build configuration list for PBXProject "CollageMaker" */ = {
			isa = XCConfigurationList;
			buildConfigurations = (
				843A581C21144761002FE28D /* Debug */,
				843A581D21144761002FE28D /* Release */,
			);
			defaultConfigurationIsVisible = 0;
			defaultConfigurationName = Release;
		};
		843A581E21144761002FE28D /* Build configuration list for PBXNativeTarget "CollageMaker" */ = {
			isa = XCConfigurationList;
			buildConfigurations = (
				843A581F21144761002FE28D /* Debug */,
				843A582021144761002FE28D /* Release */,
			);
			defaultConfigurationIsVisible = 0;
			defaultConfigurationName = Release;
		};
		843A582121144761002FE28D /* Build configuration list for PBXNativeTarget "CollageMakerTests" */ = {
			isa = XCConfigurationList;
			buildConfigurations = (
				843A582221144761002FE28D /* Debug */,
				843A582321144761002FE28D /* Release */,
			);
			defaultConfigurationIsVisible = 0;
			defaultConfigurationName = Release;
		};
		843A582421144761002FE28D /* Build configuration list for PBXNativeTarget "CollageMakerUITests" */ = {
			isa = XCConfigurationList;
			buildConfigurations = (
				843A582521144761002FE28D /* Debug */,
				843A582621144761002FE28D /* Release */,
			);
			defaultConfigurationIsVisible = 0;
			defaultConfigurationName = Release;
		};
/* End XCConfigurationList section */
	};
	rootObject = 843A57EE21144760002FE28D /* Project object */;
}
